
Microsoft Visual Studio Solution File, Format Version 12.00
# Visual Studio Version 17
VisualStudioVersion = 17.7.34018.315
MinimumVisualStudioVersion = 10.0.40219.1
Project("{FAE04EC0-301F-11D3-BF4B-00C04F79EFBC}") = "Waffar", "Waffar.csproj", "{050E17F5-4ABB-4180-99F8-86FF3E537903}"
EndProject
Global
	GlobalSection(SolutionConfigurationPlatforms) = preSolution
		Debug|Any CPU = Debug|Any CPU
		Release|Any CPU = Release|Any CPU
	EndGlobalSection
	GlobalSection(ProjectConfigurationPlatforms) = postSolution
		{050E17F5-4ABB-4180-99F8-86FF3E537903}.Debug|Any CPU.ActiveCfg = Debug|Any CPU
		{050E17F5-4ABB-4180-99F8-86FF3E537903}.Debug|Any CPU.Build.0 = Debug|Any CPU
		{050E17F5-4ABB-4180-99F8-86FF3E537903}.Release|Any CPU.ActiveCfg = Release|Any CPU
		{050E17F5-4ABB-4180-99F8-86FF3E537903}.Release|Any CPU.Build.0 = Release|Any CPU
	EndGlobalSection
	GlobalSection(SolutionProperties) = preSolution
		HideSolutionNode = FALSE
	EndGlobalSection
	GlobalSection(ExtensibilityGlobals) = postSolution
		SolutionGuid = {E87FD881-EC1B-4F2F-98F1-DF226DD20890}
	EndGlobalSection
EndGlobal
